
Microsoft Visual Studio Solution File, Format Version 12.00
# Visual Studio 15
VisualStudioVersion = 15.0.27428.2027
MinimumVisualStudioVersion = 10.0.40219.1
Project("{FAE04EC0-301F-11D3-BF4B-00C04F79EFBC}") = "AYD1_Practica3", "AYD1_Practica3\AYD1_Practica3.csproj", "{2DD7AB03-F2B8-4255-B1CD-20AE85058A3D}"
EndProject
Project("{FAE04EC0-301F-11D3-BF4B-00C04F79EFBC}") = "AYD1_Practica3.Tests", "AYD1_Practica3.Tests\AYD1_Practica3.Tests.csproj", "{FDA97FBD-D01C-41D9-BC43-38F937CB0147}"
EndProject
Global
	GlobalSection(SolutionConfigurationPlatforms) = preSolution
		Debug|Any CPU = Debug|Any CPU
		Release|Any CPU = Release|Any CPU
	EndGlobalSection
	GlobalSection(ProjectConfigurationPlatforms) = postSolution
		{2DD7AB03-F2B8-4255-B1CD-20AE85058A3D}.Debug|Any CPU.ActiveCfg = Debug|Any CPU
		{2DD7AB03-F2B8-4255-B1CD-20AE85058A3D}.Debug|Any CPU.Build.0 = Debug|Any CPU
		{2DD7AB03-F2B8-4255-B1CD-20AE85058A3D}.Release|Any CPU.ActiveCfg = Release|Any CPU
		{2DD7AB03-F2B8-4255-B1CD-20AE85058A3D}.Release|Any CPU.Build.0 = Release|Any CPU
		{FDA97FBD-D01C-41D9-BC43-38F937CB0147}.Debug|Any CPU.ActiveCfg = Debug|Any CPU
		{FDA97FBD-D01C-41D9-BC43-38F937CB0147}.Debug|Any CPU.Build.0 = Debug|Any CPU
		{FDA97FBD-D01C-41D9-BC43-38F937CB0147}.Release|Any CPU.ActiveCfg = Release|Any CPU
		{FDA97FBD-D01C-41D9-BC43-38F937CB0147}.Release|Any CPU.Build.0 = Release|Any CPU
	EndGlobalSection
	GlobalSection(SolutionProperties) = preSolution
		HideSolutionNode = FALSE
	EndGlobalSection
	GlobalSection(ExtensibilityGlobals) = postSolution
		SolutionGuid = {C026D4EF-55D9-4817-945A-D6C531953CE1}
	EndGlobalSection
EndGlobal
